{
  "name": "trivia-bot",
  "version": "1.0.0",
  "lockfileVersion": 2,
  "requires": true,
  "packages": {
    "": {
      "name": "trivia-bot",
      "version": "1.0.0",
      "license": "ISC",
      "dependencies": {
        "discord-trivia": "file:../discord-trivia",
        "easy-trivia": "^1.2.0"
      }
    },
    "../discord-trivia": {
      "version": "0.1.0",
      "license": "ISC",
      "dependencies": {
        "discord.js": "^13.4.0",
        "easy-trivia": "^1.0.0"
      },
      "devDependencies": {
        "@types/node": "^17.0.5",
        "nodemon": "^2.0.15",
        "typescript": "^4.5.4"
      }
    },
    "node_modules/discord-trivia": {
      "resolved": "../discord-trivia",
      "link": true
    },
    "node_modules/easy-trivia": {
      "version": "1.2.0",
      "resolved": "https://registry.npmjs.org/easy-trivia/-/easy-trivia-1.2.0.tgz",
      "integrity": "sha512-vJ2NQrEtsOp/4rbkM91cCv42uyYdTbh76JYmEoNe4ugpIKjpHhO6olhZ71ZgSZeMfhYnuJVrC1iXwTPvKwr4+w==",
      "engines": {
        "node": ">=16.0.0",
        "npm": ">=7.0.0"
      }
    }
  },
  "dependencies": {
    "discord-trivia": {
      "version": "file:../discord-trivia",
      "requires": {
        "@types/node": "^17.0.5",
        "discord.js": "^13.4.0",
        "easy-trivia": "^1.0.0",
        "nodemon": "^2.0.15",
        "typescript": "^4.5.4"
      }
    },
    "easy-trivia": {
      "version": "1.2.0",
      "resolved": "https://registry.npmjs.org/easy-trivia/-/easy-trivia-1.2.0.tgz",
      "integrity": "sha512-vJ2NQrEtsOp/4rbkM91cCv42uyYdTbh76JYmEoNe4ugpIKjpHhO6olhZ71ZgSZeMfhYnuJVrC1iXwTPvKwr4+w=="
    }
  }
}
